<?xml version="1.0" encoding="utf-8"?>
<Project ToolsVersion="4.0" xmlns="http://schemas.microsoft.com/developer/msbuild/2003">
  <ItemGroup>
    <Filter Include="源文件">
      <UniqueIdentifier>{ab678003-c729-4453-9714-e917da572b77}</UniqueIdentifier>
    </Filter>
  </ItemGroup>
  <ItemGroup>
    <ClCompile Include="..\src_c\PNM_IO.c">
      <Filter>源文件</Filter>
    </ClCompile>
    <ClCompile Include="..\src_c\PixelEngine.cpp">
      <Filter>源文件</Filter>
    </ClCompile>
    <ClCompile Include="..\src_c\charProject.cpp">
      <Filter>源文件</Filter>
    </ClCompile>
  </ItemGroup>
</Project>